
Microsoft Visual Studio Solution File, Format Version 12.00
# Visual Studio Version 17
VisualStudioVersion = 17.4.33122.133
MinimumVisualStudioVersion = 10.0.40219.1
Project("{9A19103F-16F7-4668-BE54-9A1E7A4F7556}") = "S3-Api-indi", "API\S3-Api-indi.csproj", "{8E395DC4-EF41-4E73-8064-2FB548674336}"
EndProject
Project("{FAE04EC0-301F-11D3-BF4B-00C04F79EFBC}") = "TestProjectMovieCom", "TestProjectMovieCom\TestProjectMovieCom.csproj", "{D0D5027E-E964-451A-AA49-AC5AB008358F}"
EndProject
Global
	GlobalSection(SolutionConfigurationPlatforms) = preSolution
		Debug|Any CPU = Debug|Any CPU
		Release|Any CPU = Release|Any CPU
	EndGlobalSection
	GlobalSection(ProjectConfigurationPlatforms) = postSolution
		{8E395DC4-EF41-4E73-8064-2FB548674336}.Debug|Any CPU.ActiveCfg = Debug|Any CPU
		{8E395DC4-EF41-4E73-8064-2FB548674336}.Debug|Any CPU.Build.0 = Debug|Any CPU
		{8E395DC4-EF41-4E73-8064-2FB548674336}.Release|Any CPU.ActiveCfg = Release|Any CPU
		{8E395DC4-EF41-4E73-8064-2FB548674336}.Release|Any CPU.Build.0 = Release|Any CPU
		{D0D5027E-E964-451A-AA49-AC5AB008358F}.Debug|Any CPU.ActiveCfg = Debug|Any CPU
		{D0D5027E-E964-451A-AA49-AC5AB008358F}.Debug|Any CPU.Build.0 = Debug|Any CPU
		{D0D5027E-E964-451A-AA49-AC5AB008358F}.Release|Any CPU.ActiveCfg = Release|Any CPU
		{D0D5027E-E964-451A-AA49-AC5AB008358F}.Release|Any CPU.Build.0 = Release|Any CPU
	EndGlobalSection
	GlobalSection(SolutionProperties) = preSolution
		HideSolutionNode = FALSE
	EndGlobalSection
	GlobalSection(ExtensibilityGlobals) = postSolution
		SolutionGuid = {4A452727-7A63-4D1A-B993-34506A88923E}
	EndGlobalSection
EndGlobal
